
Microsoft Visual Studio Solution File, Format Version 12.00
# Visual Studio Version 17
VisualStudioVersion = 17.7.34031.279
MinimumVisualStudioVersion = 10.0.40219.1
Project("{FAE04EC0-301F-11D3-BF4B-00C04F79EFBC}") = "Assembly Manifest", "Assembly Manifest\Assembly Manifest.csproj", "{A9E19341-DB04-40D4-8D8B-1687CAA4DD32}"
EndProject
Global
	GlobalSection(SolutionConfigurationPlatforms) = preSolution
		Debug|Any CPU = Debug|Any CPU
		Release|Any CPU = Release|Any CPU
	EndGlobalSection
	GlobalSection(ProjectConfigurationPlatforms) = postSolution
		{A9E19341-DB04-40D4-8D8B-1687CAA4DD32}.Debug|Any CPU.ActiveCfg = Debug|Any CPU
		{A9E19341-DB04-40D4-8D8B-1687CAA4DD32}.Debug|Any CPU.Build.0 = Debug|Any CPU
		{A9E19341-DB04-40D4-8D8B-1687CAA4DD32}.Release|Any CPU.ActiveCfg = Release|Any CPU
		{A9E19341-DB04-40D4-8D8B-1687CAA4DD32}.Release|Any CPU.Build.0 = Release|Any CPU
	EndGlobalSection
	GlobalSection(SolutionProperties) = preSolution
		HideSolutionNode = FALSE
	EndGlobalSection
	GlobalSection(ExtensibilityGlobals) = postSolution
		SolutionGuid = {21ADFF71-111F-4820-88D2-25FCF2839463}
	EndGlobalSection
EndGlobal
